
Microsoft Visual Studio Solution File, Format Version 12.00
# Visual Studio 15
VisualStudioVersion = 15.0.28307.106
MinimumVisualStudioVersion = 10.0.40219.1
Project("{FAE04EC0-301F-11D3-BF4B-00C04F79EFBC}") = "TP2", "TP2\TP2.csproj", "{735018F7-C5D2-481E-8152-2B3E6B8E76AD}"
EndProject
Global
	GlobalSection(SolutionConfigurationPlatforms) = preSolution
		Debug|Any CPU = Debug|Any CPU
		Release|Any CPU = Release|Any CPU
	EndGlobalSection
	GlobalSection(ProjectConfigurationPlatforms) = postSolution
		{735018F7-C5D2-481E-8152-2B3E6B8E76AD}.Debug|Any CPU.ActiveCfg = Debug|Any CPU
		{735018F7-C5D2-481E-8152-2B3E6B8E76AD}.Debug|Any CPU.Build.0 = Debug|Any CPU
		{735018F7-C5D2-481E-8152-2B3E6B8E76AD}.Release|Any CPU.ActiveCfg = Release|Any CPU
		{735018F7-C5D2-481E-8152-2B3E6B8E76AD}.Release|Any CPU.Build.0 = Release|Any CPU
	EndGlobalSection
	GlobalSection(SolutionProperties) = preSolution
		HideSolutionNode = FALSE
	EndGlobalSection
	GlobalSection(ExtensibilityGlobals) = postSolution
		SolutionGuid = {B1394DC9-1CCF-44AD-8E67-0DEA8BD78D65}
	EndGlobalSection
EndGlobal
